// !$*UTF8*$!
{
	archiveVersion = 1;
	classes = {
	};
	objectVersion = 56;
	objects = {

/* Begin PBXBuildFile section */
		C692C7792D6B843B00FB377E /* AppDelegate.swift in Sources */ = {isa = PBXBuildFile; fileRef = C692C7782D6B843B00FB377E /* AppDelegate.swift */; };
		C692C77B2D6B843B00FB377E /* SceneDelegate.swift in Sources */ = {isa = PBXBuildFile; fileRef = C692C77A2D6B843B00FB377E /* SceneDelegate.swift */; };
		C692C77D2D6B843B00FB377E /* ViewController.swift in Sources */ = {isa = PBXBuildFile; fileRef = C692C77C2D6B843B00FB377E /* ViewController.swift */; };
		C692C7802D6B843B00FB377E /* Main.storyboard in Resources */ = {isa = PBXBuildFile; fileRef = C692C77E2D6B843B00FB377E /* Main.storyboard */; };
		C692C7822D6B843D00FB377E /* Assets.xcassets in Resources */ = {isa = PBXBuildFile; fileRef = C692C7812D6B843D00FB377E /* Assets.xcassets */; };
		C692C7852D6B843D00FB377E /* LaunchScreen.storyboard in Resources */ = {isa = PBXBuildFile; fileRef = C692C7832D6B843D00FB377E /* LaunchScreen.storyboard */; };
		C692C78E2D6B84F700FB377E /* SnapKit in Frameworks */ = {isa = PBXBuildFile; productRef = C692C78D2D6B84F700FB377E /* SnapKit */; };
		C692C7902D6B892B00FB377E /* TableViewController.swift in Sources */ = {isa = PBXBuildFile; fileRef = C692C78F2D6B892B00FB377E /* TableViewController.swift */; };
		C692C7962D6CD1E500FB377E /* Person.swift in Sources */ = {isa = PBXBuildFile; fileRef = C692C7952D6CD1E500FB377E /* Person.swift */; };
		C692C7982D6CD5C000FB377E /* CustomTableViewCell.swift in Sources */ = {isa = PBXBuildFile; fileRef = C692C7972D6CD5C000FB377E /* CustomTableViewCell.swift */; };
		C692C79A2D6CE6AB00FB377E /* DetailViewController.swift in Sources */ = {isa = PBXBuildFile; fileRef = C692C7992D6CE6AB00FB377E /* DetailViewController.swift */; };
/* End PBXBuildFile section */

/* Begin PBXFileReference section */
		C692C7752D6B843B00FB377E /* SnapKit TableView.app */ = {isa = PBXFileReference; explicitFileType = wrapper.application; includeInIndex = 0; path = "SnapKit TableView.app"; sourceTree = BUILT_PRODUCTS_DIR; };
		C692C7782D6B843B00FB377E /* AppDelegate.swift */ = {isa = PBXFileReference; lastKnownFileType = sourcecode.swift; path = AppDelegate.swift; sourceTree = "<group>"; };
		C692C77A2D6B843B00FB377E /* SceneDelegate.swift */ = {isa = PBXFileReference; lastKnownFileType = sourcecode.swift; path = SceneDelegate.swift; sourceTree = "<group>"; };
		C692C77C2D6B843B00FB377E /* ViewController.swift */ = {isa = PBXFileReference; lastKnownFileType = sourcecode.swift; path = ViewController.swift; sourceTree = "<group>"; };
		C692C77F2D6B843B00FB377E /* Base */ = {isa = PBXFileReference; lastKnownFileType = file.storyboard; name = Base; path = Base.lproj/Main.storyboard; sourceTree = "<group>"; };
		C692C7812D6B843D00FB377E /* Assets.xcassets */ = {isa = PBXFileReference; lastKnownFileType = folder.assetcatalog; path = Assets.xcassets; sourceTree = "<group>"; };
		C692C7842D6B843D00FB377E /* Base */ = {isa = PBXFileReference; lastKnownFileType = file.storyboard; name = Base; path = Base.lproj/LaunchScreen.storyboard; sourceTree = "<group>"; };
		C692C7862D6B843D00FB377E /* Info.plist */ = {isa = PBXFileReference; lastKnownFileType = text.plist.xml; path = Info.plist; sourceTree = "<group>"; };
		C692C78F2D6B892B00FB377E /* TableViewController.swift */ = {isa = PBXFileReference; lastKnownFileType = sourcecode.swift; path = TableViewController.swift; sourceTree = "<group>"; };
		C692C7952D6CD1E500FB377E /* Person.swift */ = {isa = PBXFileReference; lastKnownFileType = sourcecode.swift; path = Person.swift; sourceTree = "<group>"; };
		C692C7972D6CD5C000FB377E /* CustomTableViewCell.swift */ = {isa = PBXFileReference; lastKnownFileType = sourcecode.swift; path = CustomTableViewCell.swift; sourceTree = "<group>"; };
		C692C7992D6CE6AB00FB377E /* DetailViewController.swift */ = {isa = PBXFileReference; lastKnownFileType = sourcecode.swift; path = DetailViewController.swift; sourceTree = "<group>"; };
/* End PBXFileReference section */

/* Begin PBXFrameworksBuildPhase section */
		C692C7722D6B843B00FB377E /* Frameworks */ = {
			isa = PBXFrameworksBuildPhase;
			buildActionMask = 2147483647;
			files = (
				C692C78E2D6B84F700FB377E /* SnapKit in Frameworks */,
			);
			runOnlyForDeploymentPostprocessing = 0;
		};
/* End PBXFrameworksBuildPhase section */

/* Begin PBXGroup section */
		C692C76C2D6B843B00FB377E = {
			isa = PBXGroup;
			children = (
				C692C7772D6B843B00FB377E /* SnapKit TableView */,
				C692C7762D6B843B00FB377E /* Products */,
			);
			sourceTree = "<group>";
		};
		C692C7762D6B843B00FB377E /* Products */ = {
			isa = PBXGroup;
			children = (
				C692C7752D6B843B00FB377E /* SnapKit TableView.app */,
			);
			name = Products;
			sourceTree = "<group>";
		};
		C692C7772D6B843B00FB377E /* SnapKit TableView */ = {
			isa = PBXGroup;
			children = (
				C692C7782D6B843B00FB377E /* AppDelegate.swift */,
				C692C77A2D6B843B00FB377E /* SceneDelegate.swift */,
				C692C7952D6CD1E500FB377E /* Person.swift */,
				C692C7972D6CD5C000FB377E /* CustomTableViewCell.swift */,
				C692C78F2D6B892B00FB377E /* TableViewController.swift */,
				C692C7992D6CE6AB00FB377E /* DetailViewController.swift */,
				C692C77C2D6B843B00FB377E /* ViewController.swift */,
				C692C77E2D6B843B00FB377E /* Main.storyboard */,
				C692C7812D6B843D00FB377E /* Assets.xcassets */,
				C692C7832D6B843D00FB377E /* LaunchScreen.storyboard */,
				C692C7862D6B843D00FB377E /* Info.plist */,
			);
			path = "SnapKit TableView";
			sourceTree = "<group>";
		};
/* End PBXGroup section */

/* Begin PBXNativeTarget section */
		C692C7742D6B843B00FB377E /* SnapKit TableView */ = {
			isa = PBXNativeTarget;
			buildConfigurationList = C692C7892D6B843D00FB377E /* Build configuration list for PBXNativeTarget "SnapKit TableView" */;
			buildPhases = (
				C692C7712D6B843B00FB377E /* Sources */,
				C692C7722D6B843B00FB377E /* Frameworks */,
				C692C7732D6B843B00FB377E /* Resources */,
			);
			buildRules = (
			);
			dependencies = (
			);
			name = "SnapKit TableView";
			packageProductDependencies = (
				C692C78D2D6B84F700FB377E /* SnapKit */,
			);
			productName = "SnapKit TableView";
			productReference = C692C7752D6B843B00FB377E /* SnapKit TableView.app */;
			productType = "com.apple.product-type.application";
		};
/* End PBXNativeTarget section */

/* Begin PBXProject section */
		C692C76D2D6B843B00FB377E /* Project object */ = {
			isa = PBXProject;
			attributes = {
				BuildIndependentTargetsInParallel = 1;
				LastSwiftUpdateCheck = 1520;
				LastUpgradeCheck = 1520;
				TargetAttributes = {
					C692C7742D6B843B00FB377E = {
						CreatedOnToolsVersion = 15.2;
					};
				};
			};
			buildConfigurationList = C692C7702D6B843B00FB377E /* Build configuration list for PBXProject "SnapKit TableView" */;
			compatibilityVersion = "Xcode 14.0";
			developmentRegion = en;
			hasScannedForEncodings = 0;
			knownRegions = (
				en,
				Base,
			);
			mainGroup = C692C76C2D6B843B00FB377E;
			packageReferences = (
				C692C78C2D6B84F700FB377E /* XCRemoteSwiftPackageReference "SnapKit" */,
			);
			productRefGroup = C692C7762D6B843B00FB377E /* Products */;
			projectDirPath = "";
			projectRoot = "";
			targets = (
				C692C7742D6B843B00FB377E /* SnapKit TableView */,
			);
		};
/* End PBXProject section */

/* Begin PBXResourcesBuildPhase section */
		C692C7732D6B843B00FB377E /* Resources */ = {
			isa = PBXResourcesBuildPhase;
			buildActionMask = 2147483647;
			files = (
				C692C7852D6B843D00FB377E /* LaunchScreen.storyboard in Resources */,
				C692C7822D6B843D00FB377E /* Assets.xcassets in Resources */,
				C692C7802D6B843B00FB377E /* Main.storyboard in Resources */,
			);
			runOnlyForDeploymentPostprocessing = 0;
		};
/* End PBXResourcesBuildPhase section */

/* Begin PBXSourcesBuildPhase section */
		C692C7712D6B843B00FB377E /* Sources */ = {
			isa = PBXSourcesBuildPhase;
			buildActionMask = 2147483647;
			files = (
				C692C7982D6CD5C000FB377E /* CustomTableViewCell.swift in Sources */,
				C692C7962D6CD1E500FB377E /* Person.swift in Sources */,
				C692C77D2D6B843B00FB377E /* ViewController.swift in Sources */,
				C692C7792D6B843B00FB377E /* AppDelegate.swift in Sources */,
				C692C77B2D6B843B00FB377E /* SceneDelegate.swift in Sources */,
				C692C7902D6B892B00FB377E /* TableViewController.swift in Sources */,
				C692C79A2D6CE6AB00FB377E /* DetailViewController.swift in Sources */,
			);
			runOnlyForDeploymentPostprocessing = 0;
		};
/* End PBXSourcesBuildPhase section */

/* Begin PBXVariantGroup section */
		C692C77E2D6B843B00FB377E /* Main.storyboard */ = {
			isa = PBXVariantGroup;
			children = (
				C692C77F2D6B843B00FB377E /* Base */,
			);
			name = Main.storyboard;
			sourceTree = "<group>";
		};
		C692C7832D6B843D00FB377E /* LaunchScreen.storyboard */ = {
			isa = PBXVariantGroup;
			children = (
				C692C7842D6B843D00FB377E /* Base */,
			);
			name = LaunchScreen.storyboard;
			sourceTree = "<group>";
		};
/* End PBXVariantGroup section */

/* Begin XCBuildConfiguration section */
		C692C7872D6B843D00FB377E /* Debug */ = {
			isa = XCBuildConfiguration;
			buildSettings = {
				ALWAYS_SEARCH_USER_PATHS = NO;
				ASSETCATALOG_COMPILER_GENERATE_SWIFT_ASSET_SYMBOL_EXTENSIONS = YES;
				CLANG_ANALYZER_NONNULL = YES;
				CLANG_ANALYZER_NUMBER_OBJECT_CONVERSION = YES_AGGRESSIVE;
				CLANG_CXX_LANGUAGE_STANDARD = "gnu++20";
				CLANG_ENABLE_MODULES = YES;
				CLANG_ENABLE_OBJC_ARC = YES;
				CLANG_ENABLE_OBJC_WEAK = YES;
				CLANG_WARN_BLOCK_CAPTURE_AUTORELEASING = YES;
				CLANG_WARN_BOOL_CONVERSION = YES;
				CLANG_WARN_COMMA = YES;
				CLANG_WARN_CONSTANT_CONVERSION = YES;
				CLANG_WARN_DEPRECATED_OBJC_IMPLEMENTATIONS = YES;
				CLANG_WARN_DIRECT_OBJC_ISA_USAGE = YES_ERROR;
				CLANG_WARN_DOCUMENTATION_COMMENTS = YES;
				CLANG_WARN_EMPTY_BODY = YES;
				CLANG_WARN_ENUM_CONVERSION = YES;
				CLANG_WARN_INFINITE_RECURSION = YES;
				CLANG_WARN_INT_CONVERSION = YES;
				CLANG_WARN_NON_LITERAL_NULL_CONVERSION = YES;
				CLANG_WARN_OBJC_IMPLICIT_RETAIN_SELF = YES;
				CLANG_WARN_OBJC_LITERAL_CONVERSION = YES;
				CLANG_WARN_OBJC_ROOT_CLASS = YES_ERROR;
				CLANG_WARN_QUOTED_INCLUDE_IN_FRAMEWORK_HEADER = YES;
				CLANG_WARN_RANGE_LOOP_ANALYSIS = YES;
				CLANG_WARN_STRICT_PROTOTYPES = YES;
				CLANG_WARN_SUSPICIOUS_MOVE = YES;
				CLANG_WARN_UNGUARDED_AVAILABILITY = YES_AGGRESSIVE;
				CLANG_WARN_UNREACHABLE_CODE = YES;
				CLANG_WARN__DUPLICATE_METHOD_MATCH = YES;
				COPY_PHASE_STRIP = NO;
				DEBUG_INFORMATION_FORMAT = dwarf;
				ENABLE_STRICT_OBJC_MSGSEND = YES;
				ENABLE_TESTABILITY = YES;
				ENABLE_USER_SCRIPT_SANDBOXING = NO;
				GCC_C_LANGUAGE_STANDARD = gnu17;
				GCC_DYNAMIC_NO_PIC = NO;
				GCC_NO_COMMON_BLOCKS = YES;
				GCC_OPTIMIZATION_LEVEL = 0;
				GCC_PREPROCESSOR_DEFINITIONS = (
					"DEBUG=1",
					"$(inherited)",
				);
				GCC_WARN_64_TO_32_BIT_CONVERSION = YES;
				GCC_WARN_ABOUT_RETURN_TYPE = YES_ERROR;
				GCC_WARN_UNDECLARED_SELECTOR = YES;
				GCC_WARN_UNINITIALIZED_AUTOS = YES_AGGRESSIVE;
				GCC_WARN_UNUSED_FUNCTION = YES;
				GCC_WARN_UNUSED_VARIABLE = YES;
				IPHONEOS_DEPLOYMENT_TARGET = 17.2;
				LOCALIZATION_PREFERS_STRING_CATALOGS = YES;
				MTL_ENABLE_DEBUG_INFO = INCLUDE_SOURCE;
				MTL_FAST_MATH = YES;
				ONLY_ACTIVE_ARCH = YES;
				SDKROOT = iphoneos;
				SWIFT_ACTIVE_COMPILATION_CONDITIONS = "DEBUG $(inherited)";
				SWIFT_OPTIMIZATION_LEVEL = "-Onone";
			};
			name = Debug;
		};
		C692C7882D6B843D00FB377E /* Release */ = {
			isa = XCBuildConfiguration;
			buildSettings = {
				ALWAYS_SEARCH_USER_PATHS = NO;
				ASSETCATALOG_COMPILER_GENERATE_SWIFT_ASSET_SYMBOL_EXTENSIONS = YES;
				CLANG_ANALYZER_NONNULL = YES;
				CLANG_ANALYZER_NUMBER_OBJECT_CONVERSION = YES_AGGRESSIVE;
				CLANG_CXX_LANGUAGE_STANDARD = "gnu++20";
				CLANG_ENABLE_MODULES = YES;
				CLANG_ENABLE_OBJC_ARC = YES;
				CLANG_ENABLE_OBJC_WEAK = YES;
				CLANG_WARN_BLOCK_CAPTURE_AUTORELEASING = YES;
				CLANG_WARN_BOOL_CONVERSION = YES;
				CLANG_WARN_COMMA = YES;
				CLANG_WARN_CONSTANT_CONVERSION = YES;
				CLANG_WARN_DEPRECATED_OBJC_IMPLEMENTATIONS = YES;
				CLANG_WARN_DIRECT_OBJC_ISA_USAGE = YES_ERROR;
				CLANG_WARN_DOCUMENTATION_COMMENTS = YES;
				CLANG_WARN_EMPTY_BODY = YES;
				CLANG_WARN_ENUM_CONVERSION = YES;
				CLANG_WARN_INFINITE_RECURSION = YES;
				CLANG_WARN_INT_CONVERSION = YES;
				CLANG_WARN_NON_LITERAL_NULL_CONVERSION = YES;
				CLANG_WARN_OBJC_IMPLICIT_RETAIN_SELF = YES;
				CLANG_WARN_OBJC_LITERAL_CONVERSION = YES;
				CLANG_WARN_OBJC_ROOT_CLASS = YES_ERROR;
				CLANG_WARN_QUOTED_INCLUDE_IN_FRAMEWORK_HEADER = YES;
				CLANG_WARN_RANGE_LOOP_ANALYSIS = YES;
				CLANG_WARN_STRICT_PROTOTYPES = YES;
				CLANG_WARN_SUSPICIOUS_MOVE = YES;
				CLANG_WARN_UNGUARDED_AVAILABILITY = YES_AGGRESSIVE;
				CLANG_WARN_UNREACHABLE_CODE = YES;
				CLANG_WARN__DUPLICATE_METHOD_MATCH = YES;
				COPY_PHASE_STRIP = NO;
				DEBUG_INFORMATION_FORMAT = "dwarf-with-dsym";
				ENABLE_NS_ASSERTIONS = NO;
				ENABLE_STRICT_OBJC_MSGSEND = YES;
				ENABLE_USER_SCRIPT_SANDBOXING = NO;
				GCC_C_LANGUAGE_STANDARD = gnu17;
				GCC_NO_COMMON_BLOCKS = YES;
				GCC_WARN_64_TO_32_BIT_CONVERSION = YES;
				GCC_WARN_ABOUT_RETURN_TYPE = YES_ERROR;
				GCC_WARN_UNDECLARED_SELECTOR = YES;
				GCC_WARN_UNINITIALIZED_AUTOS = YES_AGGRESSIVE;
				GCC_WARN_UNUSED_FUNCTION = YES;
				GCC_WARN_UNUSED_VARIABLE = YES;
				IPHONEOS_DEPLOYMENT_TARGET = 17.2;
				LOCALIZATION_PREFERS_STRING_CATALOGS = YES;
				MTL_ENABLE_DEBUG_INFO = NO;
				MTL_FAST_MATH = YES;
				SDKROOT = iphoneos;
				SWIFT_COMPILATION_MODE = wholemodule;
				VALIDATE_PRODUCT = YES;
			};
			name = Release;
		};
		C692C78A2D6B843D00FB377E /* Debug */ = {
			isa = XCBuildConfiguration;
			buildSettings = {
				ASSETCATALOG_COMPILER_APPICON_NAME = AppIcon;
				ASSETCATALOG_COMPILER_GLOBAL_ACCENT_COLOR_NAME = AccentColor;
				CODE_SIGN_STYLE = Automatic;
				CURRENT_PROJECT_VERSION = 1;
				GENERATE_INFOPLIST_FILE = YES;
				INFOPLIST_FILE = "SnapKit TableView/Info.plist";
				INFOPLIST_KEY_UIApplicationSupportsIndirectInputEvents = YES;
				INFOPLIST_KEY_UILaunchStoryboardName = LaunchScreen;
				INFOPLIST_KEY_UIMainStoryboardFile = Main;
				INFOPLIST_KEY_UISupportedInterfaceOrientations_iPad = "UIInterfaceOrientationPortrait UIInterfaceOrientationPortraitUpsideDown UIInterfaceOrientationLandscapeLeft UIInterfaceOrientationLandscapeRight";
				INFOPLIST_KEY_UISupportedInterfaceOrientations_iPhone = "UIInterfaceOrientationPortrait UIInterfaceOrientationLandscapeLeft UIInterfaceOrientationLandscapeRight";
				LD_RUNPATH_SEARCH_PATHS = (
					"$(inherited)",
					"@executable_path/Frameworks",
				);
				MARKETING_VERSION = 1.0;
				PRODUCT_BUNDLE_IDENTIFIER = "QWERT.SnapKit-TableView";
				PRODUCT_NAME = "$(TARGET_NAME)";
				SWIFT_EMIT_LOC_STRINGS = YES;
				SWIFT_VERSION = 5.0;
				TARGETED_DEVICE_FAMILY = "1,2";
			};
			name = Debug;
		};
		C692C78B2D6B843D00FB377E /* Release */ = {
			isa = XCBuildConfiguration;
			buildSettings = {
				ASSETCATALOG_COMPILER_APPICON_NAME = AppIcon;
				ASSETCATALOG_COMPILER_GLOBAL_ACCENT_COLOR_NAME = AccentColor;
				CODE_SIGN_STYLE = Automatic;
				CURRENT_PROJECT_VERSION = 1;
				GENERATE_INFOPLIST_FILE = YES;
				INFOPLIST_FILE = "SnapKit TableView/Info.plist";
				INFOPLIST_KEY_UIApplicationSupportsIndirectInputEvents = YES;
				INFOPLIST_KEY_UILaunchStoryboardName = LaunchScreen;
				INFOPLIST_KEY_UIMainStoryboardFile = Main;
				INFOPLIST_KEY_UISupportedInterfaceOrientations_iPad = "UIInterfaceOrientationPortrait UIInterfaceOrientationPortraitUpsideDown UIInterfaceOrientationLandscapeLeft UIInterfaceOrientationLandscapeRight";
				INFOPLIST_KEY_UISupportedInterfaceOrientations_iPhone = "UIInterfaceOrientationPortrait UIInterfaceOrientationLandscapeLeft UIInterfaceOrientationLandscapeRight";
				LD_RUNPATH_SEARCH_PATHS = (
					"$(inherited)",
					"@executable_path/Frameworks",
				);
				MARKETING_VERSION = 1.0;
				PRODUCT_BUNDLE_IDENTIFIER = "QWERT.SnapKit-TableView";
				PRODUCT_NAME = "$(TARGET_NAME)";
				SWIFT_EMIT_LOC_STRINGS = YES;
				SWIFT_VERSION = 5.0;
				TARGETED_DEVICE_FAMILY = "1,2";
			};
			name = Release;
		};
/* End XCBuildConfiguration section */

/* Begin XCConfigurationList section */
		C692C7702D6B843B00FB377E /* Build configuration list for PBXProject "SnapKit TableView" */ = {
			isa = XCConfigurationList;
			buildConfigurations = (
				C692C7872D6B843D00FB377E /* Debug */,
				C692C7882D6B843D00FB377E /* Release */,
			);
			defaultConfigurationIsVisible = 0;
			defaultConfigurationName = Release;
		};
		C692C7892D6B843D00FB377E /* Build configuration list for PBXNativeTarget "SnapKit TableView" */ = {
			isa = XCConfigurationList;
			buildConfigurations = (
				C692C78A2D6B843D00FB377E /* Debug */,
				C692C78B2D6B843D00FB377E /* Release */,
			);
			defaultConfigurationIsVisible = 0;
			defaultConfigurationName = Release;
		};
/* End XCConfigurationList section */

/* Begin XCRemoteSwiftPackageReference section */
		C692C78C2D6B84F700FB377E /* XCRemoteSwiftPackageReference "SnapKit" */ = {
			isa = XCRemoteSwiftPackageReference;
			repositoryURL = "https://github.com/SnapKit/SnapKit.git";
			requirement = {
				kind = upToNextMajorVersion;
				minimumVersion = 5.7.1;
			};
		};
/* End XCRemoteSwiftPackageReference section */

/* Begin XCSwiftPackageProductDependency section */
		C692C78D2D6B84F700FB377E /* SnapKit */ = {
			isa = XCSwiftPackageProductDependency;
			package = C692C78C2D6B84F700FB377E /* XCRemoteSwiftPackageReference "SnapKit" */;
			productName = SnapKit;
		};
/* End XCSwiftPackageProductDependency section */
	};
	rootObject = C692C76D2D6B843B00FB377E /* Project object */;
}
